
Microsoft Visual Studio Solution File, Format Version 12.00
# Visual Studio Version 16
VisualStudioVersion = 16.0.29519.181
MinimumVisualStudioVersion = 10.0.40219.1
Project("{FAE04EC0-301F-11D3-BF4B-00C04F79EFBC}") = "PriceCalculation", "PriceCalculation\PriceCalculation.csproj", "{96978759-6003-43AB-B649-DCB7E4DF9144}"
EndProject
Project("{2150E333-8FDC-42A3-9474-1A3956D46DE8}") = "DltCodingTest", "DltCodingTest", "{E6AD7B85-7353-4872-9087-0C0E76C31670}"
EndProject
Project("{FAE04EC0-301F-11D3-BF4B-00C04F79EFBC}") = "UnitTests", "UnitTests\UnitTests.csproj", "{3D19E8C7-C448-40A5-BD1A-EC97A9A3536A}"
EndProject
Global
	GlobalSection(SolutionConfigurationPlatforms) = preSolution
		Debug|Any CPU = Debug|Any CPU
		Release|Any CPU = Release|Any CPU
	EndGlobalSection
	GlobalSection(ProjectConfigurationPlatforms) = postSolution
		{96978759-6003-43AB-B649-DCB7E4DF9144}.Debug|Any CPU.ActiveCfg = Debug|Any CPU
		{96978759-6003-43AB-B649-DCB7E4DF9144}.Debug|Any CPU.Build.0 = Debug|Any CPU
		{96978759-6003-43AB-B649-DCB7E4DF9144}.Release|Any CPU.ActiveCfg = Release|Any CPU
		{96978759-6003-43AB-B649-DCB7E4DF9144}.Release|Any CPU.Build.0 = Release|Any CPU
		{3D19E8C7-C448-40A5-BD1A-EC97A9A3536A}.Debug|Any CPU.ActiveCfg = Debug|Any CPU
		{3D19E8C7-C448-40A5-BD1A-EC97A9A3536A}.Debug|Any CPU.Build.0 = Debug|Any CPU
		{3D19E8C7-C448-40A5-BD1A-EC97A9A3536A}.Release|Any CPU.ActiveCfg = Release|Any CPU
		{3D19E8C7-C448-40A5-BD1A-EC97A9A3536A}.Release|Any CPU.Build.0 = Release|Any CPU
	EndGlobalSection
	GlobalSection(SolutionProperties) = preSolution
		HideSolutionNode = FALSE
	EndGlobalSection
	GlobalSection(NestedProjects) = preSolution
		{96978759-6003-43AB-B649-DCB7E4DF9144} = {E6AD7B85-7353-4872-9087-0C0E76C31670}
		{3D19E8C7-C448-40A5-BD1A-EC97A9A3536A} = {E6AD7B85-7353-4872-9087-0C0E76C31670}
	EndGlobalSection
	GlobalSection(ExtensibilityGlobals) = postSolution
		SolutionGuid = {A72098D4-AF11-4E38-A29C-C36B42E9DF9C}
	EndGlobalSection
EndGlobal
